
Microsoft Visual Studio Solution File, Format Version 12.00
# Visual Studio 15
VisualStudioVersion = 15.0.27703.2000
MinimumVisualStudioVersion = 10.0.40219.1
Project("{FAE04EC0-301F-11D3-BF4B-00C04F79EFBC}") = "PruebaCarrucel.Android", "PruebaCarrucel\PruebaCarrucel.Android\PruebaCarrucel.Android.csproj", "{7916D782-4E29-4180-932F-36BB49E8EDFC}"
EndProject
Project("{FAE04EC0-301F-11D3-BF4B-00C04F79EFBC}") = "PruebaCarrucel.iOS", "PruebaCarrucel\PruebaCarrucel.iOS\PruebaCarrucel.iOS.csproj", "{D99DEC10-5E2C-45DD-96A5-F6EC8E581F08}"
EndProject
Project("{FAE04EC0-301F-11D3-BF4B-00C04F79EFBC}") = "PruebaCarrucel", "PruebaCarrucel\PruebaCarrucel\PruebaCarrucel.csproj", "{C9D40D14-17D6-41D8-968F-277C0E27D546}"
EndProject
Global
	GlobalSection(SolutionConfigurationPlatforms) = preSolution
		Ad-Hoc|Any CPU = Ad-Hoc|Any CPU
		Ad-Hoc|iPhone = Ad-Hoc|iPhone
		Ad-Hoc|iPhoneSimulator = Ad-Hoc|iPhoneSimulator
		AppStore|Any CPU = AppStore|Any CPU
		AppStore|iPhone = AppStore|iPhone
		AppStore|iPhoneSimulator = AppStore|iPhoneSimulator
		Debug|Any CPU = Debug|Any CPU
		Debug|iPhone = Debug|iPhone
		Debug|iPhoneSimulator = Debug|iPhoneSimulator
		Release|Any CPU = Release|Any CPU
		Release|iPhone = Release|iPhone
		Release|iPhoneSimulator = Release|iPhoneSimulator
	EndGlobalSection
	GlobalSection(ProjectConfigurationPlatforms) = postSolution
		{7916D782-4E29-4180-932F-36BB49E8EDFC}.Ad-Hoc|Any CPU.ActiveCfg = Release|Any CPU
		{7916D782-4E29-4180-932F-36BB49E8EDFC}.Ad-Hoc|Any CPU.Build.0 = Release|Any CPU
		{7916D782-4E29-4180-932F-36BB49E8EDFC}.Ad-Hoc|Any CPU.Deploy.0 = Release|Any CPU
		{7916D782-4E29-4180-932F-36BB49E8EDFC}.Ad-Hoc|iPhone.ActiveCfg = Release|Any CPU
		{7916D782-4E29-4180-932F-36BB49E8EDFC}.Ad-Hoc|iPhone.Build.0 = Release|Any CPU
		{7916D782-4E29-4180-932F-36BB49E8EDFC}.Ad-Hoc|iPhone.Deploy.0 = Release|Any CPU
		{7916D782-4E29-4180-932F-36BB49E8EDFC}.Ad-Hoc|iPhoneSimulator.ActiveCfg = Release|Any CPU
		{7916D782-4E29-4180-932F-36BB49E8EDFC}.Ad-Hoc|iPhoneSimulator.Build.0 = Release|Any CPU
		{7916D782-4E29-4180-932F-36BB49E8EDFC}.Ad-Hoc|iPhoneSimulator.Deploy.0 = Release|Any CPU
		{7916D782-4E29-4180-932F-36BB49E8EDFC}.AppStore|Any CPU.ActiveCfg = Release|Any CPU
		{7916D782-4E29-4180-932F-36BB49E8EDFC}.AppStore|Any CPU.Build.0 = Release|Any CPU
		{7916D782-4E29-4180-932F-36BB49E8EDFC}.AppStore|Any CPU.Deploy.0 = Release|Any CPU
		{7916D782-4E29-4180-932F-36BB49E8EDFC}.AppStore|iPhone.ActiveCfg = Release|Any CPU
		{7916D782-4E29-4180-932F-36BB49E8EDFC}.AppStore|iPhone.Build.0 = Release|Any CPU
		{7916D782-4E29-4180-932F-36BB49E8EDFC}.AppStore|iPhone.Deploy.0 = Release|Any CPU
		{7916D782-4E29-4180-932F-36BB49E8EDFC}.AppStore|iPhoneSimulator.ActiveCfg = Release|Any CPU
		{7916D782-4E29-4180-932F-36BB49E8EDFC}.AppStore|iPhoneSimulator.Build.0 = Release|Any CPU
		{7916D782-4E29-4180-932F-36BB49E8EDFC}.AppStore|iPhoneSimulator.Deploy.0 = Release|Any CPU
		{7916D782-4E29-4180-932F-36BB49E8EDFC}.Debug|Any CPU.ActiveCfg = Debug|Any CPU
		{7916D782-4E29-4180-932F-36BB49E8EDFC}.Debug|Any CPU.Build.0 = Debug|Any CPU
		{7916D782-4E29-4180-932F-36BB49E8EDFC}.Debug|Any CPU.Deploy.0 = Debug|Any CPU
		{7916D782-4E29-4180-932F-36BB49E8EDFC}.Debug|iPhone.ActiveCfg = Debug|Any CPU
		{7916D782-4E29-4180-932F-36BB49E8EDFC}.Debug|iPhone.Build.0 = Debug|Any CPU
		{7916D782-4E29-4180-932F-36BB49E8EDFC}.Debug|iPhone.Deploy.0 = Debug|Any CPU
		{7916D782-4E29-4180-932F-36BB49E8EDFC}.Debug|iPhoneSimulator.ActiveCfg = Debug|Any CPU
		{7916D782-4E29-4180-932F-36BB49E8EDFC}.Debug|iPhoneSimulator.Build.0 = Debug|Any CPU
		{7916D782-4E29-4180-932F-36BB49E8EDFC}.Debug|iPhoneSimulator.Deploy.0 = Debug|Any CPU
		{7916D782-4E29-4180-932F-36BB49E8EDFC}.Release|Any CPU.ActiveCfg = Release|Any CPU
		{7916D782-4E29-4180-932F-36BB49E8EDFC}.Release|Any CPU.Build.0 = Release|Any CPU
		{7916D782-4E29-4180-932F-36BB49E8EDFC}.Release|Any CPU.Deploy.0 = Release|Any CPU
		{7916D782-4E29-4180-932F-36BB49E8EDFC}.Release|iPhone.ActiveCfg = Release|Any CPU
		{7916D782-4E29-4180-932F-36BB49E8EDFC}.Release|iPhone.Build.0 = Release|Any CPU
		{7916D782-4E29-4180-932F-36BB49E8EDFC}.Release|iPhone.Deploy.0 = Release|Any CPU
		{7916D782-4E29-4180-932F-36BB49E8EDFC}.Release|iPhoneSimulator.ActiveCfg = Release|Any CPU
		{7916D782-4E29-4180-932F-36BB49E8EDFC}.Release|iPhoneSimulator.Build.0 = Release|Any CPU
		{7916D782-4E29-4180-932F-36BB49E8EDFC}.Release|iPhoneSimulator.Deploy.0 = Release|Any CPU
		{D99DEC10-5E2C-45DD-96A5-F6EC8E581F08}.Ad-Hoc|Any CPU.ActiveCfg = Ad-Hoc|iPhone
		{D99DEC10-5E2C-45DD-96A5-F6EC8E581F08}.Ad-Hoc|Any CPU.Build.0 = Ad-Hoc|iPhone
		{D99DEC10-5E2C-45DD-96A5-F6EC8E581F08}.Ad-Hoc|Any CPU.Deploy.0 = Ad-Hoc|iPhone
		{D99DEC10-5E2C-45DD-96A5-F6EC8E581F08}.Ad-Hoc|iPhone.ActiveCfg = Ad-Hoc|iPhone
		{D99DEC10-5E2C-45DD-96A5-F6EC8E581F08}.Ad-Hoc|iPhone.Build.0 = Ad-Hoc|iPhone
		{D99DEC10-5E2C-45DD-96A5-F6EC8E581F08}.Ad-Hoc|iPhone.Deploy.0 = Ad-Hoc|iPhone
		{D99DEC10-5E2C-45DD-96A5-F6EC8E581F08}.Ad-Hoc|iPhoneSimulator.ActiveCfg = Ad-Hoc|iPhoneSimulator
		{D99DEC10-5E2C-45DD-96A5-F6EC8E581F08}.Ad-Hoc|iPhoneSimulator.Build.0 = Ad-Hoc|iPhoneSimulator
		{D99DEC10-5E2C-45DD-96A5-F6EC8E581F08}.Ad-Hoc|iPhoneSimulator.Deploy.0 = Ad-Hoc|iPhoneSimulator
		{D99DEC10-5E2C-45DD-96A5-F6EC8E581F08}.AppStore|Any CPU.ActiveCfg = AppStore|iPhone
		{D99DEC10-5E2C-45DD-96A5-F6EC8E581F08}.AppStore|Any CPU.Build.0 = AppStore|iPhone
		{D99DEC10-5E2C-45DD-96A5-F6EC8E581F08}.AppStore|Any CPU.Deploy.0 = AppStore|iPhone
		{D99DEC10-5E2C-45DD-96A5-F6EC8E581F08}.AppStore|iPhone.ActiveCfg = AppStore|iPhone
		{D99DEC10-5E2C-45DD-96A5-F6EC8E581F08}.AppStore|iPhone.Build.0 = AppStore|iPhone
		{D99DEC10-5E2C-45DD-96A5-F6EC8E581F08}.AppStore|iPhone.Deploy.0 = AppStore|iPhone
		{D99DEC10-5E2C-45DD-96A5-F6EC8E581F08}.AppStore|iPhoneSimulator.ActiveCfg = AppStore|iPhoneSimulator
		{D99DEC10-5E2C-45DD-96A5-F6EC8E581F08}.AppStore|iPhoneSimulator.Build.0 = AppStore|iPhoneSimulator
		{D99DEC10-5E2C-45DD-96A5-F6EC8E581F08}.AppStore|iPhoneSimulator.Deploy.0 = AppStore|iPhoneSimulator
		{D99DEC10-5E2C-45DD-96A5-F6EC8E581F08}.Debug|Any CPU.ActiveCfg = Debug|iPhoneSimulator
		{D99DEC10-5E2C-45DD-96A5-F6EC8E581F08}.Debug|Any CPU.Build.0 = Debug|iPhoneSimulator
		{D99DEC10-5E2C-45DD-96A5-F6EC8E581F08}.Debug|Any CPU.Deploy.0 = Debug|iPhoneSimulator
		{D99DEC10-5E2C-45DD-96A5-F6EC8E581F08}.Debug|iPhone.ActiveCfg = Debug|iPhone
		{D99DEC10-5E2C-45DD-96A5-F6EC8E581F08}.Debug|iPhone.Build.0 = Debug|iPhone
		{D99DEC10-5E2C-45DD-96A5-F6EC8E581F08}.Debug|iPhone.Deploy.0 = Debug|iPhone
		{D99DEC10-5E2C-45DD-96A5-F6EC8E581F08}.Debug|iPhoneSimulator.ActiveCfg = Debug|iPhoneSimulator
		{D99DEC10-5E2C-45DD-96A5-F6EC8E581F08}.Debug|iPhoneSimulator.Build.0 = Debug|iPhoneSimulator
		{D99DEC10-5E2C-45DD-96A5-F6EC8E581F08}.Debug|iPhoneSimulator.Deploy.0 = Debug|iPhoneSimulator
		{D99DEC10-5E2C-45DD-96A5-F6EC8E581F08}.Release|Any CPU.ActiveCfg = Release|iPhone
		{D99DEC10-5E2C-45DD-96A5-F6EC8E581F08}.Release|Any CPU.Build.0 = Release|iPhone
		{D99DEC10-5E2C-45DD-96A5-F6EC8E581F08}.Release|Any CPU.Deploy.0 = Release|iPhone
		{D99DEC10-5E2C-45DD-96A5-F6EC8E581F08}.Release|iPhone.ActiveCfg = Release|iPhone
		{D99DEC10-5E2C-45DD-96A5-F6EC8E581F08}.Release|iPhone.Build.0 = Release|iPhone
		{D99DEC10-5E2C-45DD-96A5-F6EC8E581F08}.Release|iPhone.Deploy.0 = Release|iPhone
		{D99DEC10-5E2C-45DD-96A5-F6EC8E581F08}.Release|iPhoneSimulator.ActiveCfg = Release|iPhoneSimulator
		{D99DEC10-5E2C-45DD-96A5-F6EC8E581F08}.Release|iPhoneSimulator.Build.0 = Release|iPhoneSimulator
		{D99DEC10-5E2C-45DD-96A5-F6EC8E581F08}.Release|iPhoneSimulator.Deploy.0 = Release|iPhoneSimulator
		{C9D40D14-17D6-41D8-968F-277C0E27D546}.Ad-Hoc|Any CPU.ActiveCfg = Debug|Any CPU
		{C9D40D14-17D6-41D8-968F-277C0E27D546}.Ad-Hoc|Any CPU.Build.0 = Debug|Any CPU
		{C9D40D14-17D6-41D8-968F-277C0E27D546}.Ad-Hoc|Any CPU.Deploy.0 = Debug|Any CPU
		{C9D40D14-17D6-41D8-968F-277C0E27D546}.Ad-Hoc|iPhone.ActiveCfg = Debug|Any CPU
		{C9D40D14-17D6-41D8-968F-277C0E27D546}.Ad-Hoc|iPhone.Build.0 = Debug|Any CPU
		{C9D40D14-17D6-41D8-968F-277C0E27D546}.Ad-Hoc|iPhone.Deploy.0 = Debug|Any CPU
		{C9D40D14-17D6-41D8-968F-277C0E27D546}.Ad-Hoc|iPhoneSimulator.ActiveCfg = Debug|Any CPU
		{C9D40D14-17D6-41D8-968F-277C0E27D546}.Ad-Hoc|iPhoneSimulator.Build.0 = Debug|Any CPU
		{C9D40D14-17D6-41D8-968F-277C0E27D546}.Ad-Hoc|iPhoneSimulator.Deploy.0 = Debug|Any CPU
		{C9D40D14-17D6-41D8-968F-277C0E27D546}.AppStore|Any CPU.ActiveCfg = Debug|Any CPU
		{C9D40D14-17D6-41D8-968F-277C0E27D546}.AppStore|Any CPU.Build.0 = Debug|Any CPU
		{C9D40D14-17D6-41D8-968F-277C0E27D546}.AppStore|Any CPU.Deploy.0 = Debug|Any CPU
		{C9D40D14-17D6-41D8-968F-277C0E27D546}.AppStore|iPhone.ActiveCfg = Debug|Any CPU
		{C9D40D14-17D6-41D8-968F-277C0E27D546}.AppStore|iPhone.Build.0 = Debug|Any CPU
		{C9D40D14-17D6-41D8-968F-277C0E27D546}.AppStore|iPhone.Deploy.0 = Debug|Any CPU
		{C9D40D14-17D6-41D8-968F-277C0E27D546}.AppStore|iPhoneSimulator.ActiveCfg = Debug|Any CPU
		{C9D40D14-17D6-41D8-968F-277C0E27D546}.AppStore|iPhoneSimulator.Build.0 = Debug|Any CPU
		{C9D40D14-17D6-41D8-968F-277C0E27D546}.AppStore|iPhoneSimulator.Deploy.0 = Debug|Any CPU
		{C9D40D14-17D6-41D8-968F-277C0E27D546}.Debug|Any CPU.ActiveCfg = Debug|Any CPU
		{C9D40D14-17D6-41D8-968F-277C0E27D546}.Debug|Any CPU.Build.0 = Debug|Any CPU
		{C9D40D14-17D6-41D8-968F-277C0E27D546}.Debug|Any CPU.Deploy.0 = Debug|Any CPU
		{C9D40D14-17D6-41D8-968F-277C0E27D546}.Debug|iPhone.ActiveCfg = Debug|Any CPU
		{C9D40D14-17D6-41D8-968F-277C0E27D546}.Debug|iPhone.Build.0 = Debug|Any CPU
		{C9D40D14-17D6-41D8-968F-277C0E27D546}.Debug|iPhone.Deploy.0 = Debug|Any CPU
		{C9D40D14-17D6-41D8-968F-277C0E27D546}.Debug|iPhoneSimulator.ActiveCfg = Debug|Any CPU
		{C9D40D14-17D6-41D8-968F-277C0E27D546}.Debug|iPhoneSimulator.Build.0 = Debug|Any CPU
		{C9D40D14-17D6-41D8-968F-277C0E27D546}.Debug|iPhoneSimulator.Deploy.0 = Debug|Any CPU
		{C9D40D14-17D6-41D8-968F-277C0E27D546}.Release|Any CPU.ActiveCfg = Release|Any CPU
		{C9D40D14-17D6-41D8-968F-277C0E27D546}.Release|Any CPU.Build.0 = Release|Any CPU
		{C9D40D14-17D6-41D8-968F-277C0E27D546}.Release|Any CPU.Deploy.0 = Release|Any CPU
		{C9D40D14-17D6-41D8-968F-277C0E27D546}.Release|iPhone.ActiveCfg = Release|Any CPU
		{C9D40D14-17D6-41D8-968F-277C0E27D546}.Release|iPhone.Build.0 = Release|Any CPU
		{C9D40D14-17D6-41D8-968F-277C0E27D546}.Release|iPhone.Deploy.0 = Release|Any CPU
		{C9D40D14-17D6-41D8-968F-277C0E27D546}.Release|iPhoneSimulator.ActiveCfg = Release|Any CPU
		{C9D40D14-17D6-41D8-968F-277C0E27D546}.Release|iPhoneSimulator.Build.0 = Release|Any CPU
		{C9D40D14-17D6-41D8-968F-277C0E27D546}.Release|iPhoneSimulator.Deploy.0 = Release|Any CPU
	EndGlobalSection
	GlobalSection(SolutionProperties) = preSolution
		HideSolutionNode = FALSE
	EndGlobalSection
	GlobalSection(ExtensibilityGlobals) = postSolution
		SolutionGuid = {A84F4E96-9CA5-4A4A-A5AD-71C01F579F90}
	EndGlobalSection
EndGlobal
